
Microsoft Visual Studio Solution File, Format Version 12.00
# Visual Studio Version 17
VisualStudioVersion = 17.3.32929.385
MinimumVisualStudioVersion = 10.0.40219.1
Project("{FAE04EC0-301F-11D3-BF4B-00C04F79EFBC}") = "ConsoleApp2", "ConsoleApp2\ConsoleApp2.csproj", "{6BA24DCB-92BA-44A4-8A02-C04EF2893094}"
EndProject
Global
	GlobalSection(SolutionConfigurationPlatforms) = preSolution
		Debug|Any CPU = Debug|Any CPU
		Release|Any CPU = Release|Any CPU
	EndGlobalSection
	GlobalSection(ProjectConfigurationPlatforms) = postSolution
		{6BA24DCB-92BA-44A4-8A02-C04EF2893094}.Debug|Any CPU.ActiveCfg = Debug|Any CPU
		{6BA24DCB-92BA-44A4-8A02-C04EF2893094}.Debug|Any CPU.Build.0 = Debug|Any CPU
		{6BA24DCB-92BA-44A4-8A02-C04EF2893094}.Release|Any CPU.ActiveCfg = Release|Any CPU
		{6BA24DCB-92BA-44A4-8A02-C04EF2893094}.Release|Any CPU.Build.0 = Release|Any CPU
	EndGlobalSection
	GlobalSection(SolutionProperties) = preSolution
		HideSolutionNode = FALSE
	EndGlobalSection
	GlobalSection(ExtensibilityGlobals) = postSolution
		SolutionGuid = {9F8E3DDB-FE9C-4A7C-8381-097E955B9B7F}
	EndGlobalSection
EndGlobal
